
Microsoft Visual Studio Solution File, Format Version 12.00
# Visual Studio Version 17
VisualStudioVersion = 17.8.34330.188
MinimumVisualStudioVersion = 10.0.40219.1
Project("{FAE04EC0-301F-11D3-BF4B-00C04F79EFBC}") = "Disney", "Disney\Disney.csproj", "{020203C1-721E-40FB-ACB0-404962EB338A}"
EndProject
Global
	GlobalSection(SolutionConfigurationPlatforms) = preSolution
		Debug|Any CPU = Debug|Any CPU
		Release|Any CPU = Release|Any CPU
	EndGlobalSection
	GlobalSection(ProjectConfigurationPlatforms) = postSolution
		{020203C1-721E-40FB-ACB0-404962EB338A}.Debug|Any CPU.ActiveCfg = Debug|Any CPU
		{020203C1-721E-40FB-ACB0-404962EB338A}.Debug|Any CPU.Build.0 = Debug|Any CPU
		{020203C1-721E-40FB-ACB0-404962EB338A}.Release|Any CPU.ActiveCfg = Release|Any CPU
		{020203C1-721E-40FB-ACB0-404962EB338A}.Release|Any CPU.Build.0 = Release|Any CPU
	EndGlobalSection
	GlobalSection(SolutionProperties) = preSolution
		HideSolutionNode = FALSE
	EndGlobalSection
	GlobalSection(ExtensibilityGlobals) = postSolution
		SolutionGuid = {51EB6D45-7B4C-474B-A600-80EBE703F159}
	EndGlobalSection
EndGlobal
